
Microsoft Visual Studio Solution File, Format Version 12.00
# Visual Studio Version 17
VisualStudioVersion = 17.7.34221.43
MinimumVisualStudioVersion = 10.0.40219.1
Project("{FAE04EC0-301F-11D3-BF4B-00C04F79EFBC}") = "Factorial", "Factorial\Factorial.csproj", "{ACC781F2-348E-41F7-B5E2-1EAE6CC55E47}"
EndProject
Global
	GlobalSection(SolutionConfigurationPlatforms) = preSolution
		Debug|Any CPU = Debug|Any CPU
		Release|Any CPU = Release|Any CPU
	EndGlobalSection
	GlobalSection(ProjectConfigurationPlatforms) = postSolution
		{ACC781F2-348E-41F7-B5E2-1EAE6CC55E47}.Debug|Any CPU.ActiveCfg = Debug|Any CPU
		{ACC781F2-348E-41F7-B5E2-1EAE6CC55E47}.Debug|Any CPU.Build.0 = Debug|Any CPU
		{ACC781F2-348E-41F7-B5E2-1EAE6CC55E47}.Release|Any CPU.ActiveCfg = Release|Any CPU
		{ACC781F2-348E-41F7-B5E2-1EAE6CC55E47}.Release|Any CPU.Build.0 = Release|Any CPU
	EndGlobalSection
	GlobalSection(SolutionProperties) = preSolution
		HideSolutionNode = FALSE
	EndGlobalSection
	GlobalSection(ExtensibilityGlobals) = postSolution
		SolutionGuid = {15AC2719-98D1-48B9-AE3E-B5AE789511A3}
	EndGlobalSection
EndGlobal
